lockfileVersion: '9.0'

settings:
  autoInstallPeers: true
  excludeLinksFromLockfile: false

importers:

  .:
    dependencies:
      hono:
        specifier: ^4.12.16
        version: 4.12.16

packages:

  hono@4.12.16:
    resolution: {integrity: sha512-jN0ZewiNAWSe5khM3EyCmBb250+b40wWbwNILNfEvq84VREWwOIkuUsFONk/3i3nqkz7Oe1PcpM2mwQEK2L9Kg==}
    engines: {node: '>=16.9.0'}

snapshots:

  hono@4.12.16: {}
